
Microsoft Visual Studio Solution File, Format Version 12.00
# Visual Studio Version 17
VisualStudioVersion = 17.0.32014.148
MinimumVisualStudioVersion = 10.0.40219.1
Project("{2150E333-8FDC-42A3-9474-1A3956D46DE8}") = "HomeWork", "HomeWork", "{7F8315C9-E27A-4E48-8892-6012EA8EC7B9}"
EndProject
Project("{8BC9CEB8-8B4A-11D0-8D11-00A0C91BC942}") = "HomeWork220114CharChange", "HomeWork220114CharChange\HomeWork220114CharChange.vcxproj", "{E2006A78-673F-4337-A86F-1536CE474DE3}"
EndProject
Project("{8BC9CEB8-8B4A-11D0-8D11-00A0C91BC942}") = "HomeWork220114Cut", "HomeWork220114Cut\HomeWork220114Cut.vcxproj", "{F64D1825-9C24-4E42-B057-A2A9BE5BA21B}"
EndProject
Project("{8BC9CEB8-8B4A-11D0-8D11-00A0C91BC942}") = "HomeWork220114Rervers", "HomeWork220114Rervers\HomeWork220114Rervers.vcxproj", "{8ADC560C-CF9B-4C28-8B77-2A299F8D1427}"
EndProject
Project("{8BC9CEB8-8B4A-11D0-8D11-00A0C91BC942}") = "HomeWork220114TextChange", "HomeWork220114TextChange\HomeWork220114TextChange.vcxproj", "{0F0EB34F-B513-4AA2-A213-5BCBD6A0D24F}"
EndProject
Project("{8BC9CEB8-8B4A-11D0-8D11-00A0C91BC942}") = "HomeWork220114ToInt", "HomeWork220114ToInt\HomeWork220114ToInt.vcxproj", "{BCEB5DB3-9389-4780-B830-8CC562053DC2}"
EndProject
Project("{8BC9CEB8-8B4A-11D0-8D11-00A0C91BC942}") = "HomeWork220114ToUpper", "HomeWork220114ToUpper\HomeWork220114ToUpper.vcxproj", "{EA508F11-D824-467A-8546-53AA8C5F0155}"
EndProject
Project("{8BC9CEB8-8B4A-11D0-8D11-00A0C91BC942}") = "HomeWork220126", "HomeWork220126\HomeWork220126.vcxproj", "{5B7C8D66-8B9D-4267-A5F5-65FCDA684BBB}"
EndProject
Project("{8BC9CEB8-8B4A-11D0-8D11-00A0C91BC942}") = "HomeWork220209", "HomeWork220209\ConsoleScreen.vcxproj", "{958B682C-8D66-4E32-903C-B9F8A3014EFB}"
EndProject
Project("{8BC9CEB8-8B4A-11D0-8D11-00A0C91BC942}") = "HomeWork220210", "HomeWork220210\HomeWork220210.vcxproj", "{BC16651A-C2C9-4B16-8C6B-DF7E786EDB57}"
EndProject
Global
	GlobalSection(SolutionConfigurationPlatforms) = preSolution
		Debug|x64 = Debug|x64
		Debug|x86 = Debug|x86
		Release|x64 = Release|x64
		Release|x86 = Release|x86
	EndGlobalSection
	GlobalSection(ProjectConfigurationPlatforms) = postSolution
		{E2006A78-673F-4337-A86F-1536CE474DE3}.Debug|x64.ActiveCfg = Debug|x64
		{E2006A78-673F-4337-A86F-1536CE474DE3}.Debug|x64.Build.0 = Debug|x64
		{E2006A78-673F-4337-A86F-1536CE474DE3}.Debug|x86.ActiveCfg = Debug|Win32
		{E2006A78-673F-4337-A86F-1536CE474DE3}.Debug|x86.Build.0 = Debug|Win32
		{E2006A78-673F-4337-A86F-1536CE474DE3}.Release|x64.ActiveCfg = Release|x64
		{E2006A78-673F-4337-A86F-1536CE474DE3}.Release|x64.Build.0 = Release|x64
		{E2006A78-673F-4337-A86F-1536CE474DE3}.Release|x86.ActiveCfg = Release|Win32
		{E2006A78-673F-4337-A86F-1536CE474DE3}.Release|x86.Build.0 = Release|Win32
		{F64D1825-9C24-4E42-B057-A2A9BE5BA21B}.Debug|x64.ActiveCfg = Debug|x64
		{F64D1825-9C24-4E42-B057-A2A9BE5BA21B}.Debug|x64.Build.0 = Debug|x64
		{F64D1825-9C24-4E42-B057-A2A9BE5BA21B}.Debug|x86.ActiveCfg = Debug|Win32
		{F64D1825-9C24-4E42-B057-A2A9BE5BA21B}.Debug|x86.Build.0 = Debug|Win32
		{F64D1825-9C24-4E42-B057-A2A9BE5BA21B}.Release|x64.ActiveCfg = Release|x64
		{F64D1825-9C24-4E42-B057-A2A9BE5BA21B}.Release|x64.Build.0 = Release|x64
		{F64D1825-9C24-4E42-B057-A2A9BE5BA21B}.Release|x86.ActiveCfg = Release|Win32
		{F64D1825-9C24-4E42-B057-A2A9BE5BA21B}.Release|x86.Build.0 = Release|Win32
		{8ADC560C-CF9B-4C28-8B77-2A299F8D1427}.Debug|x64.ActiveCfg = Debug|x64
		{8ADC560C-CF9B-4C28-8B77-2A299F8D1427}.Debug|x64.Build.0 = Debug|x64
		{8ADC560C-CF9B-4C28-8B77-2A299F8D1427}.Debug|x86.ActiveCfg = Debug|Win32
		{8ADC560C-CF9B-4C28-8B77-2A299F8D1427}.Debug|x86.Build.0 = Debug|Win32
		{8ADC560C-CF9B-4C28-8B77-2A299F8D1427}.Release|x64.ActiveCfg = Release|x64
		{8ADC560C-CF9B-4C28-8B77-2A299F8D1427}.Release|x64.Build.0 = Release|x64
		{8ADC560C-CF9B-4C28-8B77-2A299F8D1427}.Release|x86.ActiveCfg = Release|Win32
		{8ADC560C-CF9B-4C28-8B77-2A299F8D1427}.Release|x86.Build.0 = Release|Win32
		{0F0EB34F-B513-4AA2-A213-5BCBD6A0D24F}.Debug|x64.ActiveCfg = Debug|x64
		{0F0EB34F-B513-4AA2-A213-5BCBD6A0D24F}.Debug|x64.Build.0 = Debug|x64
		{0F0EB34F-B513-4AA2-A213-5BCBD6A0D24F}.Debug|x86.ActiveCfg = Debug|Win32
		{0F0EB34F-B513-4AA2-A213-5BCBD6A0D24F}.Debug|x86.Build.0 = Debug|Win32
		{0F0EB34F-B513-4AA2-A213-5BCBD6A0D24F}.Release|x64.ActiveCfg = Release|x64
		{0F0EB34F-B513-4AA2-A213-5BCBD6A0D24F}.Release|x64.Build.0 = Release|x64
		{0F0EB34F-B513-4AA2-A213-5BCBD6A0D24F}.Release|x86.ActiveCfg = Release|Win32
		{0F0EB34F-B513-4AA2-A213-5BCBD6A0D24F}.Release|x86.Build.0 = Release|Win32
		{BCEB5DB3-9389-4780-B830-8CC562053DC2}.Debug|x64.ActiveCfg = Debug|x64
		{BCEB5DB3-9389-4780-B830-8CC562053DC2}.Debug|x64.Build.0 = Debug|x64
		{BCEB5DB3-9389-4780-B830-8CC562053DC2}.Debug|x86.ActiveCfg = Debug|Win32
		{BCEB5DB3-9389-4780-B830-8CC562053DC2}.Debug|x86.Build.0 = Debug|Win32
		{BCEB5DB3-9389-4780-B830-8CC562053DC2}.Release|x64.ActiveCfg = Release|x64
		{BCEB5DB3-9389-4780-B830-8CC562053DC2}.Release|x64.Build.0 = Release|x64
		{BCEB5DB3-9389-4780-B830-8CC562053DC2}.Release|x86.ActiveCfg = Release|Win32
		{BCEB5DB3-9389-4780-B830-8CC562053DC2}.Release|x86.Build.0 = Release|Win32
		{EA508F11-D824-467A-8546-53AA8C5F0155}.Debug|x64.ActiveCfg = Debug|x64
		{EA508F11-D824-467A-8546-53AA8C5F0155}.Debug|x64.Build.0 = Debug|x64
		{EA508F11-D824-467A-8546-53AA8C5F0155}.Debug|x86.ActiveCfg = Debug|Win32
		{EA508F11-D824-467A-8546-53AA8C5F0155}.Debug|x86.Build.0 = Debug|Win32
		{EA508F11-D824-467A-8546-53AA8C5F0155}.Release|x64.ActiveCfg = Release|x64
		{EA508F11-D824-467A-8546-53AA8C5F0155}.Release|x64.Build.0 = Release|x64
		{EA508F11-D824-467A-8546-53AA8C5F0155}.Release|x86.ActiveCfg = Release|Win32
		{EA508F11-D824-467A-8546-53AA8C5F0155}.Release|x86.Build.0 = Release|Win32
		{5B7C8D66-8B9D-4267-A5F5-65FCDA684BBB}.Debug|x64.ActiveCfg = Debug|x64
		{5B7C8D66-8B9D-4267-A5F5-65FCDA684BBB}.Debug|x64.Build.0 = Debug|x64
		{5B7C8D66-8B9D-4267-A5F5-65FCDA684BBB}.Debug|x86.ActiveCfg = Debug|Win32
		{5B7C8D66-8B9D-4267-A5F5-65FCDA684BBB}.Debug|x86.Build.0 = Debug|Win32
		{5B7C8D66-8B9D-4267-A5F5-65FCDA684BBB}.Release|x64.ActiveCfg = Release|x64
		{5B7C8D66-8B9D-4267-A5F5-65FCDA684BBB}.Release|x64.Build.0 = Release|x64
		{5B7C8D66-8B9D-4267-A5F5-65FCDA684BBB}.Release|x86.ActiveCfg = Release|Win32
		{5B7C8D66-8B9D-4267-A5F5-65FCDA684BBB}.Release|x86.Build.0 = Release|Win32
		{958B682C-8D66-4E32-903C-B9F8A3014EFB}.Debug|x64.ActiveCfg = Debug|x64
		{958B682C-8D66-4E32-903C-B9F8A3014EFB}.Debug|x64.Build.0 = Debug|x64
		{958B682C-8D66-4E32-903C-B9F8A3014EFB}.Debug|x86.ActiveCfg = Debug|Win32
		{958B682C-8D66-4E32-903C-B9F8A3014EFB}.Debug|x86.Build.0 = Debug|Win32
		{958B682C-8D66-4E32-903C-B9F8A3014EFB}.Release|x64.ActiveCfg = Release|x64
		{958B682C-8D66-4E32-903C-B9F8A3014EFB}.Release|x64.Build.0 = Release|x64
		{958B682C-8D66-4E32-903C-B9F8A3014EFB}.Release|x86.ActiveCfg = Release|Win32
		{958B682C-8D66-4E32-903C-B9F8A3014EFB}.Release|x86.Build.0 = Release|Win32
		{BC16651A-C2C9-4B16-8C6B-DF7E786EDB57}.Debug|x64.ActiveCfg = Debug|x64
		{BC16651A-C2C9-4B16-8C6B-DF7E786EDB57}.Debug|x64.Build.0 = Debug|x64
		{BC16651A-C2C9-4B16-8C6B-DF7E786EDB57}.Debug|x86.ActiveCfg = Debug|Win32
		{BC16651A-C2C9-4B16-8C6B-DF7E786EDB57}.Debug|x86.Build.0 = Debug|Win32
		{BC16651A-C2C9-4B16-8C6B-DF7E786EDB57}.Release|x64.ActiveCfg = Release|x64
		{BC16651A-C2C9-4B16-8C6B-DF7E786EDB57}.Release|x64.Build.0 = Release|x64
		{BC16651A-C2C9-4B16-8C6B-DF7E786EDB57}.Release|x86.ActiveCfg = Release|Win32
		{BC16651A-C2C9-4B16-8C6B-DF7E786EDB57}.Release|x86.Build.0 = Release|Win32
	EndGlobalSection
	GlobalSection(SolutionProperties) = preSolution
		HideSolutionNode = FALSE
	EndGlobalSection
	GlobalSection(NestedProjects) = preSolution
		{E2006A78-673F-4337-A86F-1536CE474DE3} = {7F8315C9-E27A-4E48-8892-6012EA8EC7B9}
		{F64D1825-9C24-4E42-B057-A2A9BE5BA21B} = {7F8315C9-E27A-4E48-8892-6012EA8EC7B9}
		{8ADC560C-CF9B-4C28-8B77-2A299F8D1427} = {7F8315C9-E27A-4E48-8892-6012EA8EC7B9}
		{0F0EB34F-B513-4AA2-A213-5BCBD6A0D24F} = {7F8315C9-E27A-4E48-8892-6012EA8EC7B9}
		{BCEB5DB3-9389-4780-B830-8CC562053DC2} = {7F8315C9-E27A-4E48-8892-6012EA8EC7B9}
		{EA508F11-D824-467A-8546-53AA8C5F0155} = {7F8315C9-E27A-4E48-8892-6012EA8EC7B9}
		{5B7C8D66-8B9D-4267-A5F5-65FCDA684BBB} = {7F8315C9-E27A-4E48-8892-6012EA8EC7B9}
		{958B682C-8D66-4E32-903C-B9F8A3014EFB} = {7F8315C9-E27A-4E48-8892-6012EA8EC7B9}
		{BC16651A-C2C9-4B16-8C6B-DF7E786EDB57} = {7F8315C9-E27A-4E48-8892-6012EA8EC7B9}
	EndGlobalSection
	GlobalSection(ExtensibilityGlobals) = postSolution
		SolutionGuid = {0B384C1A-6B2A-4D70-91B0-37125760C47B}
	EndGlobalSection
EndGlobal
